{
  "version": 4,
  "terraform_version": "1.5.7",
  "serial": 53,
  "lineage": "1e42e9e5-7733-0ac2-908d-075c08b959a9",
  "outputs": {},
  "resources": [
    {
      "mode": "managed",
      "type": "yandex_compute_instance",
      "name": "app",
      "provider": "provider[\"registry.terraform.io/yandex-cloud/yandex\"]",
      "instances": [
        {
          "index_key": 0,
          "schema_version": 1,
          "attributes": {
            "allow_recreate": null,
            "allow_stopping_for_update": null,
            "boot_disk": [
              {
                "auto_delete": true,
                "device_name": "fhm50pbf8857nnuvvkv0",
                "disk_id": "fhm50pbf8857nnuvvkv0",
                "initialize_params": [
                  {
                    "block_size": 4096,
                    "description": "",
                    "image_id": "fd8f15q8s83j71oousqk",
                    "name": "",
                    "size": 10,
                    "snapshot_id": "",
                    "type": "network-hdd"
                  }
                ],
                "mode": "READ_WRITE"
              }
            ],
            "created_at": "2023-11-11T14:59:40Z",
            "description": "",
            "filesystem": [],
            "folder_id": "b1g9rbhfq6ba8dfpgv37",
            "fqdn": "fhmkm3vc7klvarsvp0pv.auto.internal",
            "gpu_cluster_id": "",
            "hostname": "",
            "id": "fhmkm3vc7klvarsvp0pv",
            "labels": null,
            "local_disk": [],
            "metadata": {
              "ssh-keys": "ubuntu:ssh-rsa AAAAB3NzaC1yc2EAAAADAQABAAABgQCaxRF9+4AAxAyhz6yE7riFxZyx4j+f5emRxDXw9+DzQMa0q8xp9ic6a55eYGKnNdyexn3NXQ31FDghbRw1SvzjdQeKWRDwUWA1GMcqMIApG5ogcG2cLk9igaaIrT0drJrjj9iShAvifc3ufOzCjNogao5t4U9r81twnwcPQlK6hIk/5GFhwe+JDyFTEyxYEZPR0NWlN/2frboQrRDCjKm4ttESRZUaYKz/gRzE/XSkL3JHv3eWMxrSNvYzWTeLWKE64ufG+QX7UC2Dr2t/NfOrXCU3X+g5ho70rWGY7Bv5lW+Q98Kvbbroln4MSbnPxVn/SaWE20eZX+P+Np4npOlgIdV+xhtKRUNYtFKHOAS7GB6TfY/4Jsbr2F3KVlPAi7O+Yk7AAIuNLdmdbbwiHOG5Ff94zikyyUQ3sIZhpgZU4nqfTx4yV1jbXDcu7SIqM0zhwf8+9cCK1JV1L7JAJpWV5ZbCb+NXRyQyupTQcGYE0JQ/UF9TsIicfPUlM1+u1PM= appuser\n"
            },
            "metadata_options": [
              {
                "aws_v1_http_endpoint": 1,
                "aws_v1_http_token": 2,
                "gce_http_endpoint": 1,
                "gce_http_token": 1
              }
            ],
            "name": "reddit-app-1",
            "network_acceleration_type": "standard",
            "network_interface": [
              {
                "dns_record": [],
                "index": 0,
                "ip_address": "10.128.0.13",
                "ipv4": true,
                "ipv6": false,
                "ipv6_address": "",
                "ipv6_dns_record": [],
                "mac_address": "d0:0d:14:b0:fe:c3",
                "nat": true,
                "nat_dns_record": [],
                "nat_ip_address": "62.84.126.51",
                "nat_ip_version": "IPV4",
                "security_group_ids": [],
                "subnet_id": "e9bmh97l31novt99ndqb"
              }
            ],
            "placement_policy": [
              {
                "host_affinity_rules": [],
                "placement_group_id": ""
              }
            ],
            "platform_id": "standard-v3",
            "resources": [
              {
                "core_fraction": 20,
                "cores": 2,
                "gpus": 0,
                "memory": 2
              }
            ],
            "scheduling_policy": [
              {
                "preemptible": false
              }
            ],
            "secondary_disk": [],
            "service_account_id": "",
            "status": "running",
            "timeouts": null,
            "zone": "ru-central1-a"
          },
          "sensitive_attributes": [],
          "private": "eyJlMmJmYjczMC1lY2FhLTExZTYtOGY4OC0zNDM2M2JjN2M0YzAiOnsiY3JlYXRlIjozMDAwMDAwMDAwMDAsImRlbGV0ZSI6MzAwMDAwMDAwMDAwLCJ1cGRhdGUiOjMwMDAwMDAwMDAwMH0sInNjaGVtYV92ZXJzaW9uIjoiMSJ9"
        },
        {
          "index_key": 1,
          "status": "tainted",
          "schema_version": 1,
          "attributes": {
            "allow_recreate": null,
            "allow_stopping_for_update": null,
            "boot_disk": [
              {
                "auto_delete": true,
                "device_name": "",
                "disk_id": "",
                "initialize_params": [
                  {
                    "block_size": 0,
                    "description": "",
                    "image_id": "fd8f15q8s83j71oousqk",
                    "name": "",
                    "size": 0,
                    "snapshot_id": "",
                    "type": "network-hdd"
                  }
                ],
                "mode": ""
              }
            ],
            "created_at": null,
            "description": null,
            "filesystem": [],
            "folder_id": null,
            "fqdn": null,
            "gpu_cluster_id": null,
            "hostname": null,
            "id": "fhmqmeau6rit0o9f1796",
            "labels": null,
            "local_disk": [],
            "metadata": {
              "ssh-keys": "ubuntu:ssh-rsa AAAAB3NzaC1yc2EAAAADAQABAAABgQCaxRF9+4AAxAyhz6yE7riFxZyx4j+f5emRxDXw9+DzQMa0q8xp9ic6a55eYGKnNdyexn3NXQ31FDghbRw1SvzjdQeKWRDwUWA1GMcqMIApG5ogcG2cLk9igaaIrT0drJrjj9iShAvifc3ufOzCjNogao5t4U9r81twnwcPQlK6hIk/5GFhwe+JDyFTEyxYEZPR0NWlN/2frboQrRDCjKm4ttESRZUaYKz/gRzE/XSkL3JHv3eWMxrSNvYzWTeLWKE64ufG+QX7UC2Dr2t/NfOrXCU3X+g5ho70rWGY7Bv5lW+Q98Kvbbroln4MSbnPxVn/SaWE20eZX+P+Np4npOlgIdV+xhtKRUNYtFKHOAS7GB6TfY/4Jsbr2F3KVlPAi7O+Yk7AAIuNLdmdbbwiHOG5Ff94zikyyUQ3sIZhpgZU4nqfTx4yV1jbXDcu7SIqM0zhwf8+9cCK1JV1L7JAJpWV5ZbCb+NXRyQyupTQcGYE0JQ/UF9TsIicfPUlM1+u1PM= appuser\n"
            },
            "metadata_options": null,
            "name": "reddit-app-2",
            "network_acceleration_type": "standard",
            "network_interface": [
              {
                "dns_record": [],
                "index": 0,
                "ip_address": "",
                "ipv4": true,
                "ipv6": false,
                "ipv6_address": "",
                "ipv6_dns_record": [],
                "mac_address": "",
                "nat": true,
                "nat_dns_record": [],
                "nat_ip_address": "",
                "nat_ip_version": "",
                "security_group_ids": [],
                "subnet_id": "e9bmh97l31novt99ndqb"
              }
            ],
            "placement_policy": null,
            "platform_id": "standard-v3",
            "resources": [
              {
                "core_fraction": 20,
                "cores": 2,
                "gpus": 0,
                "memory": 2
              }
            ],
            "scheduling_policy": null,
            "secondary_disk": [],
            "service_account_id": null,
            "status": null,
            "timeouts": null,
            "zone": "ru-central1-a"
          },
          "sensitive_attributes": [],
          "private": "eyJlMmJmYjczMC1lY2FhLTExZTYtOGY4OC0zNDM2M2JjN2M0YzAiOnsiY3JlYXRlIjozMDAwMDAwMDAwMDAsImRlbGV0ZSI6MzAwMDAwMDAwMDAwLCJ1cGRhdGUiOjMwMDAwMDAwMDAwMH0sInNjaGVtYV92ZXJzaW9uIjoiMSJ9"
        }
      ]
    },
    {
      "mode": "managed",
      "type": "yandex_lb_network_load_balancer",
      "name": "reddit",
      "provider": "provider[\"registry.terraform.io/yandex-cloud/yandex\"]",
      "instances": []
    },
    {
      "mode": "managed",
      "type": "yandex_lb_target_group",
      "name": "tg",
      "provider": "provider[\"registry.terraform.io/yandex-cloud/yandex\"]",
      "instances": []
    }
  ],
  "check_results": null
}
