{
  "version": 4,
  "terraform_version": "1.6.3",
  "serial": 44,
  "lineage": "1e42e9e5-7733-0ac2-908d-075c08b959a9",
  "outputs": {
    "external_ip_address_app": {
      "value": [
        "158.160.54.178",
        "84.201.132.5"
      ],
      "type": [
        "tuple",
        [
          "string",
          "string"
        ]
      ]
    },
    "external_ip_address_lb": {
      "value": [
        "158.160.129.230"
      ],
      "type": [
        "list",
        "string"
      ]
    }
  },
  "resources": [
    {
      "mode": "managed",
      "type": "yandex_compute_instance",
      "name": "app",
      "provider": "provider[\"registry.terraform.io/yandex-cloud/yandex\"]",
      "instances": [
        {
          "index_key": 0,
          "schema_version": 1,
          "attributes": {
            "allow_recreate": null,
            "allow_stopping_for_update": null,
            "boot_disk": [
              {
                "auto_delete": true,
                "device_name": "fhmhgnd2rvthoabj4qfl",
                "disk_id": "fhmhgnd2rvthoabj4qfl",
                "initialize_params": [
                  {
                    "block_size": 4096,
                    "description": "",
                    "image_id": "fd8f15q8s83j71oousqk",
                    "name": "",
                    "size": 10,
                    "snapshot_id": "",
                    "type": "network-hdd"
                  }
                ],
                "mode": "READ_WRITE"
              }
            ],
            "created_at": "2023-11-11T06:37:35Z",
            "description": "",
            "filesystem": [],
            "folder_id": "b1g9rbhfq6ba8dfpgv37",
            "fqdn": "fhm5880c9dumgtg1uf9e.auto.internal",
            "gpu_cluster_id": "",
            "hostname": "",
            "id": "fhm5880c9dumgtg1uf9e",
            "labels": null,
            "local_disk": [],
            "metadata": {
              "ssh-keys": "ubuntu:ssh-rsa AAAAB3NzaC1yc2EAAAADAQABAAABgQCaxRF9+4AAxAyhz6yE7riFxZyx4j+f5emRxDXw9+DzQMa0q8xp9ic6a55eYGKnNdyexn3NXQ31FDghbRw1SvzjdQeKWRDwUWA1GMcqMIApG5ogcG2cLk9igaaIrT0drJrjj9iShAvifc3ufOzCjNogao5t4U9r81twnwcPQlK6hIk/5GFhwe+JDyFTEyxYEZPR0NWlN/2frboQrRDCjKm4ttESRZUaYKz/gRzE/XSkL3JHv3eWMxrSNvYzWTeLWKE64ufG+QX7UC2Dr2t/NfOrXCU3X+g5ho70rWGY7Bv5lW+Q98Kvbbroln4MSbnPxVn/SaWE20eZX+P+Np4npOlgIdV+xhtKRUNYtFKHOAS7GB6TfY/4Jsbr2F3KVlPAi7O+Yk7AAIuNLdmdbbwiHOG5Ff94zikyyUQ3sIZhpgZU4nqfTx4yV1jbXDcu7SIqM0zhwf8+9cCK1JV1L7JAJpWV5ZbCb+NXRyQyupTQcGYE0JQ/UF9TsIicfPUlM1+u1PM= appuser\n"
            },
            "metadata_options": [
              {
                "aws_v1_http_endpoint": 1,
                "aws_v1_http_token": 2,
                "gce_http_endpoint": 1,
                "gce_http_token": 1
              }
            ],
            "name": "reddit-app-1",
            "network_acceleration_type": "standard",
            "network_interface": [
              {
                "dns_record": [],
                "index": 0,
                "ip_address": "10.128.0.30",
                "ipv4": true,
                "ipv6": false,
                "ipv6_address": "",
                "ipv6_dns_record": [],
                "mac_address": "d0:0d:54:20:0c:4b",
                "nat": true,
                "nat_dns_record": [],
                "nat_ip_address": "158.160.54.178",
                "nat_ip_version": "IPV4",
                "security_group_ids": [],
                "subnet_id": "e9bmh97l31novt99ndqb"
              }
            ],
            "placement_policy": [
              {
                "host_affinity_rules": [],
                "placement_group_id": ""
              }
            ],
            "platform_id": "standard-v3",
            "resources": [
              {
                "core_fraction": 20,
                "cores": 2,
                "gpus": 0,
                "memory": 2
              }
            ],
            "scheduling_policy": [
              {
                "preemptible": false
              }
            ],
            "secondary_disk": [],
            "service_account_id": "",
            "status": "running",
            "timeouts": null,
            "zone": "ru-central1-a"
          },
          "sensitive_attributes": [],
          "private": "eyJlMmJmYjczMC1lY2FhLTExZTYtOGY4OC0zNDM2M2JjN2M0YzAiOnsiY3JlYXRlIjozMDAwMDAwMDAwMDAsImRlbGV0ZSI6MzAwMDAwMDAwMDAwLCJ1cGRhdGUiOjMwMDAwMDAwMDAwMH0sInNjaGVtYV92ZXJzaW9uIjoiMSJ9"
        },
        {
          "index_key": 1,
          "schema_version": 1,
          "attributes": {
            "allow_recreate": null,
            "allow_stopping_for_update": null,
            "boot_disk": [
              {
                "auto_delete": true,
                "device_name": "fhmtkt90esgmdr78t6lc",
                "disk_id": "fhmtkt90esgmdr78t6lc",
                "initialize_params": [
                  {
                    "block_size": 4096,
                    "description": "",
                    "image_id": "fd8f15q8s83j71oousqk",
                    "name": "",
                    "size": 10,
                    "snapshot_id": "",
                    "type": "network-hdd"
                  }
                ],
                "mode": "READ_WRITE"
              }
            ],
            "created_at": "2023-11-11T06:37:35Z",
            "description": "",
            "filesystem": [],
            "folder_id": "b1g9rbhfq6ba8dfpgv37",
            "fqdn": "fhm3e01shnu7dfvaa5eq.auto.internal",
            "gpu_cluster_id": "",
            "hostname": "",
            "id": "fhm3e01shnu7dfvaa5eq",
            "labels": null,
            "local_disk": [],
            "metadata": {
              "ssh-keys": "ubuntu:ssh-rsa AAAAB3NzaC1yc2EAAAADAQABAAABgQCaxRF9+4AAxAyhz6yE7riFxZyx4j+f5emRxDXw9+DzQMa0q8xp9ic6a55eYGKnNdyexn3NXQ31FDghbRw1SvzjdQeKWRDwUWA1GMcqMIApG5ogcG2cLk9igaaIrT0drJrjj9iShAvifc3ufOzCjNogao5t4U9r81twnwcPQlK6hIk/5GFhwe+JDyFTEyxYEZPR0NWlN/2frboQrRDCjKm4ttESRZUaYKz/gRzE/XSkL3JHv3eWMxrSNvYzWTeLWKE64ufG+QX7UC2Dr2t/NfOrXCU3X+g5ho70rWGY7Bv5lW+Q98Kvbbroln4MSbnPxVn/SaWE20eZX+P+Np4npOlgIdV+xhtKRUNYtFKHOAS7GB6TfY/4Jsbr2F3KVlPAi7O+Yk7AAIuNLdmdbbwiHOG5Ff94zikyyUQ3sIZhpgZU4nqfTx4yV1jbXDcu7SIqM0zhwf8+9cCK1JV1L7JAJpWV5ZbCb+NXRyQyupTQcGYE0JQ/UF9TsIicfPUlM1+u1PM= appuser\n"
            },
            "metadata_options": [
              {
                "aws_v1_http_endpoint": 1,
                "aws_v1_http_token": 2,
                "gce_http_endpoint": 1,
                "gce_http_token": 1
              }
            ],
            "name": "reddit-app-2",
            "network_acceleration_type": "standard",
            "network_interface": [
              {
                "dns_record": [],
                "index": 0,
                "ip_address": "10.128.0.18",
                "ipv4": true,
                "ipv6": false,
                "ipv6_address": "",
                "ipv6_dns_record": [],
                "mac_address": "d0:0d:37:00:3c:8d",
                "nat": true,
                "nat_dns_record": [],
                "nat_ip_address": "84.201.132.5",
                "nat_ip_version": "IPV4",
                "security_group_ids": [],
                "subnet_id": "e9bmh97l31novt99ndqb"
              }
            ],
            "placement_policy": [
              {
                "host_affinity_rules": [],
                "placement_group_id": ""
              }
            ],
            "platform_id": "standard-v3",
            "resources": [
              {
                "core_fraction": 20,
                "cores": 2,
                "gpus": 0,
                "memory": 2
              }
            ],
            "scheduling_policy": [
              {
                "preemptible": false
              }
            ],
            "secondary_disk": [],
            "service_account_id": "",
            "status": "running",
            "timeouts": null,
            "zone": "ru-central1-a"
          },
          "sensitive_attributes": [],
          "private": "eyJlMmJmYjczMC1lY2FhLTExZTYtOGY4OC0zNDM2M2JjN2M0YzAiOnsiY3JlYXRlIjozMDAwMDAwMDAwMDAsImRlbGV0ZSI6MzAwMDAwMDAwMDAwLCJ1cGRhdGUiOjMwMDAwMDAwMDAwMH0sInNjaGVtYV92ZXJzaW9uIjoiMSJ9"
        }
      ]
    },
    {
      "mode": "managed",
      "type": "yandex_lb_network_load_balancer",
      "name": "reddit",
      "provider": "provider[\"registry.terraform.io/yandex-cloud/yandex\"]",
      "instances": [
        {
          "schema_version": 0,
          "attributes": {
            "attached_target_group": [
              {
                "healthcheck": [
                  {
                    "healthy_threshold": 2,
                    "http_options": [
                      {
                        "path": "/",
                        "port": 9292
                      }
                    ],
                    "interval": 2,
                    "name": "http",
                    "tcp_options": [],
                    "timeout": 1,
                    "unhealthy_threshold": 2
                  }
                ],
                "target_group_id": "enp1m0s0glq1k4mk4kik"
              }
            ],
            "created_at": "2023-11-11T06:40:41Z",
            "deletion_protection": false,
            "description": "",
            "folder_id": "b1g9rbhfq6ba8dfpgv37",
            "id": "enp2u59k6oh0huiskgq0",
            "labels": null,
            "listener": [
              {
                "external_address_spec": [
                  {
                    "address": "158.160.129.230",
                    "ip_version": "ipv4"
                  }
                ],
                "internal_address_spec": [],
                "name": "reddit-listener",
                "port": 80,
                "protocol": "tcp",
                "target_port": 9292
              }
            ],
            "name": "reddit-lb",
            "region_id": "ru-central1",
            "timeouts": null,
            "type": "external"
          },
          "sensitive_attributes": [],
          "private": "eyJlMmJmYjczMC1lY2FhLTExZTYtOGY4OC0zNDM2M2JjN2M0YzAiOnsiY3JlYXRlIjozMDAwMDAwMDAwMDAsImRlbGV0ZSI6MzAwMDAwMDAwMDAwLCJ1cGRhdGUiOjMwMDAwMDAwMDAwMH19",
          "dependencies": [
            "yandex_compute_instance.app",
            "yandex_lb_target_group.tg"
          ]
        }
      ]
    },
    {
      "mode": "managed",
      "type": "yandex_lb_target_group",
      "name": "tg",
      "provider": "provider[\"registry.terraform.io/yandex-cloud/yandex\"]",
      "instances": [
        {
          "schema_version": 0,
          "attributes": {
            "created_at": "2023-11-11T06:40:39Z",
            "description": "",
            "folder_id": "b1g9rbhfq6ba8dfpgv37",
            "id": "enp1m0s0glq1k4mk4kik",
            "labels": null,
            "name": "reddit-tg",
            "region_id": "ru-central1",
            "target": [
              {
                "address": "10.128.0.18",
                "subnet_id": "e9bmh97l31novt99ndqb"
              },
              {
                "address": "10.128.0.30",
                "subnet_id": "e9bmh97l31novt99ndqb"
              }
            ],
            "timeouts": null
          },
          "sensitive_attributes": [],
          "private": "eyJlMmJmYjczMC1lY2FhLTExZTYtOGY4OC0zNDM2M2JjN2M0YzAiOnsiY3JlYXRlIjozMDAwMDAwMDAwMDAsImRlbGV0ZSI6MzAwMDAwMDAwMDAwLCJ1cGRhdGUiOjMwMDAwMDAwMDAwMH19",
          "dependencies": [
            "yandex_compute_instance.app"
          ]
        }
      ]
    }
  ],
  "check_results": null
}
